# This file is automatically @generated by Poetry 2.2.1 and should not be changed by hand.

[[package]]
name = "ansicon"
version = "1.89.0"
description = "Python wrapper for loading Jason Hood's ANSICON"
optional = false
python-versions = "*"
groups = ["main"]
markers = "platform_system == \"Windows\""
files = [
    {file = "ansicon-1.89.0-py2.py3-none-any.whl", hash = "sha256:f1def52d17f65c2c9682cf8370c03f541f410c1752d6a14029f97318e4b9dfec"},
    {file = "ansicon-1.89.0.tar.gz", hash = "sha256:e4d039def5768a47e4afec8e89e83ec3ae5a26bf00ad851f914d1240b444d2b1"},
]

[[package]]
name = "black"
version = "25.9.0"
description = "The uncompromising code formatter."
optional = false
python-versions = ">=3.9"
groups = ["dev"]
files = [
    {file = "black-25.9.0-cp310-cp310-macosx_10_9_x86_64.whl", hash = "sha256:ce41ed2614b706fd55fd0b4a6909d06b5bab344ffbfadc6ef34ae50adba3d4f7"},
    {file = "black-25.9.0-cp310-cp310-macosx_11_0_arm64.whl", hash = "sha256:2ab0ce111ef026790e9b13bd216fa7bc48edd934ffc4cbf78808b235793cbc92"},
    {file = "black-25.9.0-cp310-cp310-manylinux_2_17_x86_64.manylinux2014_x86_64.manylinux_2_28_x86_64.whl", hash = "sha256:f96b6726d690c96c60ba682955199f8c39abc1ae0c3a494a9c62c0184049a713"},
    {file = "black-25.9.0-cp310-cp310-win_amd64.whl", hash = "sha256:d119957b37cc641596063cd7db2656c5be3752ac17877017b2ffcdb9dfc4d2b1"},
    {file = "black-25.9.0-cp311-cp311-macosx_10_9_x86_64.whl", hash = "sha256:456386fe87bad41b806d53c062e2974615825c7a52159cde7ccaeb0695fa28fa"},
    {file = "black-25.9.0-cp311-cp311-macosx_11_0_arm64.whl", hash = "sha256:a16b14a44c1af60a210d8da28e108e13e75a284bf21a9afa6b4571f96ab8bb9d"},
    {file = "black-25.9.0-cp311-cp311-manylinux_2_17_x86_64.manylinux2014_x86_64.manylinux_2_28_x86_64.whl", hash = "sha256:aaf319612536d502fdd0e88ce52d8f1352b2c0a955cc2798f79eeca9d3af0608"},
    {file = "black-25.9.0-cp311-cp311-win_amd64.whl", hash = "sha256:c0372a93e16b3954208417bfe448e09b0de5cc721d521866cd9e0acac3c04a1f"},
    {file = "black-25.9.0-cp312-cp312-macosx_10_13_x86_64.whl", hash = "sha256:1b9dc70c21ef8b43248f1d86aedd2aaf75ae110b958a7909ad8463c4aa0880b0"},
    {file = "black-25.9.0-cp312-cp312-macosx_11_0_arm64.whl", hash = "sha256:8e46eecf65a095fa62e53245ae2795c90bdecabd53b50c448d0a8bcd0d2e74c4"},
    {file = "black-25.9.0-cp312-cp312-manylinux_2_17_x86_64.manylinux2014_x86_64.manylinux_2_28_x86_64.whl", hash = "sha256:9101ee58ddc2442199a25cb648d46ba22cd580b00ca4b44234a324e3ec7a0f7e"},
    {file = "black-25.9.0-cp312-cp312-win_amd64.whl", hash = "sha256:77e7060a00c5ec4b3367c55f39cf9b06e68965a4f2e61cecacd6d0d9b7ec945a"},
    {file = "black-25.9.0-cp313-cp313-macosx_10_13_x86_64.whl", hash = "sha256:0172a012f725b792c358d57fe7b6b6e8e67375dd157f64fa7a3097b3ed3e2175"},
    {file = "black-25.9.0-cp313-cp313-macosx_11_0_arm64.whl", hash = "sha256:3bec74ee60f8dfef564b573a96b8930f7b6a538e846123d5ad77ba14a8d7a64f"},
    {file = "black-25.9.0-cp313-cp313-manylinux_2_17_x86_64.manylinux2014_x86_64.manylinux_2_28_x86_64.whl", hash = "sha256:b756fc75871cb1bcac5499552d771822fd9db5a2bb8db2a7247936ca48f39831"},
    {file = "black-25.9.0-cp313-cp313-win_amd64.whl", hash = "sha256:846d58e3ce7879ec1ffe816bb9df6d006cd9590515ed5d17db14e17666b2b357"},
    {file = "black-25.9.0-cp39-cp39-macosx_10_9_x86_64.whl", hash = "sha256:ef69351df3c84485a8beb6f7b8f9721e2009e20ef80a8d619e2d1788b7816d47"},
    {file = "black-25.9.0-cp39-cp39-macosx_11_0_arm64.whl", hash = "sha256:e3c1f4cd5e93842774d9ee4ef6cd8d17790e65f44f7cdbaab5f2cf8ccf22a823"},
    {file = "black-25.9.0-cp39-cp39-manylinux_2_17_x86_64.manylinux2014_x86_64.manylinux_2_28_x86_64.whl", hash = "sha256:154b06d618233fe468236ba1f0e40823d4eb08b26f5e9261526fde34916b9140"},
    {file = "black-25.9.0-cp39-cp39-win_amd64.whl", hash = "sha256:e593466de7b998374ea2585a471ba90553283fb9beefcfa430d84a2651ed5933"},
    {file = "black-25.9.0-py3-none-any.whl", hash = "sha256:474b34c1342cdc157d307b56c4c65bce916480c4a8f6551fdc6bf9b486a7c4ae"},
    {file = "black-25.9.0.tar.gz", hash = "sha256:0474bca9a0dd1b51791fcc507a4e02078a1c63f6d4e4ae5544b9848c7adfb619"},
]

[package.dependencies]
click = ">=8.0.0"
mypy-extensions = ">=0.4.3"
packaging = ">=22.0"
pathspec = ">=0.9.0"
platformdirs = ">=2"
pytokens = ">=0.1.10"

[package.extras]
colorama = ["colorama (>=0.4.3)"]
d = ["aiohttp (>=3.10)"]
jupyter = ["ipython (>=7.8.0)", "tokenize-rt (>=3.2.0)"]
uvloop = ["uvloop (>=0.15.2)"]

[[package]]
name = "blessed"
version = "1.22.0"
description = "Easy, practical library for making terminal apps, by providing an elegant, well-documented interface to Colors, Keyboard input, and screen Positioning capabilities."
optional = false
python-versions = ">=2.7"
groups = ["main"]
files = [
    {file = "blessed-1.22.0-py2.py3-none-any.whl", hash = "sha256:a1fed52d708a1aa26dfb8d3eaecf6f4714bff590e728baeefcb44f2c16c8de82"},
    {file = "blessed-1.22.0.tar.gz", hash = "sha256:1818efb7c10015478286f21a412fcdd31a3d8b94a18f6d926e733827da7a844b"},
]

[package.dependencies]
jinxed = {version = ">=1.1.0", markers = "platform_system == \"Windows\""}
wcwidth = ">=0.1.4"

[[package]]
name = "click"
version = "8.3.0"
description = "Composable command line interface toolkit"
optional = false
python-versions = ">=3.10"
groups = ["dev"]
files = [
    {file = "click-8.3.0-py3-none-any.whl", hash = "sha256:9b9f285302c6e3064f4330c05f05b81945b2a39544279343e6e7c5f27a9baddc"},
    {file = "click-8.3.0.tar.gz", hash = "sha256:e7b8232224eba16f4ebe410c25ced9f7875cb5f3263ffc93cc3e8da705e229c4"},
]

[package.dependencies]
colorama = {version = "*", markers = "platform_system == \"Windows\""}

[[package]]
name = "colorama"
version = "0.4.6"
description = "Cross-platform colored terminal text."
optional = false
python-versions = "!=3.0.*,!=3.1.*,!=3.2.*,!=3.3.*,!=3.4.*,!=3.5.*,!=3.6.*,>=2.7"
groups = ["dev"]
markers = "platform_system == \"Windows\""
files = [
    {file = "colorama-0.4.6-py2.py3-none-any.whl", hash = "sha256:4f1d9991f5acc0ca119f9d443620b77f9d6b33703e51011c16baf57afb285fc6"},
    {file = "colorama-0.4.6.tar.gz", hash = "sha256:08695f5cb7ed6e0531a20572697297273c47b8cae5a63ffc6d6ed5c201be6e44"},
]

[[package]]
name = "docstring-to-markdown"
version = "0.17"
description = "On the fly conversion of Python docstrings to markdown"
optional = false
python-versions = ">=3.7"
groups = ["dev"]
files = [
    {file = "docstring_to_markdown-0.17-py3-none-any.whl", hash = "sha256:fd7d5094aa83943bf5f9e1a13701866b7c452eac19765380dead666e36d3711c"},
    {file = "docstring_to_markdown-0.17.tar.gz", hash = "sha256:df72a112294c7492487c9da2451cae0faeee06e86008245c188c5761c9590ca3"},
]

[package.dependencies]
importlib-metadata = ">=3.6"
typing_extensions = ">=4.6"

[[package]]
name = "importlib-metadata"
version = "8.7.0"
description = "Read metadata from Python packages"
optional = false
python-versions = ">=3.9"
groups = ["dev"]
files = [
    {file = "importlib_metadata-8.7.0-py3-none-any.whl", hash = "sha256:e5dd1551894c77868a30651cef00984d50e1002d06942a7101d34870c5f02afd"},
    {file = "importlib_metadata-8.7.0.tar.gz", hash = "sha256:d13b81ad223b890aa16c5471f2ac3056cf76c5f10f82d6f9292f0b415f389000"},
]

[package.dependencies]
zipp = ">=3.20"

[package.extras]
check = ["pytest-checkdocs (>=2.4)", "pytest-ruff (>=0.2.1) ; sys_platform != \"cygwin\""]
cover = ["pytest-cov"]
doc = ["furo", "jaraco.packaging (>=9.3)", "jaraco.tidelift (>=1.4)", "rst.linker (>=1.9)", "sphinx (>=3.5)", "sphinx-lint"]
enabler = ["pytest-enabler (>=2.2)"]
perf = ["ipython"]
test = ["flufl.flake8", "importlib_resources (>=1.3) ; python_version < \"3.9\"", "jaraco.test (>=5.4)", "packaging", "pyfakefs", "pytest (>=6,!=8.1.*)", "pytest-perf (>=0.9.2)"]
type = ["pytest-mypy"]

[[package]]
name = "jedi"
version = "0.19.2"
description = "An autocompletion tool for Python that can be used for text editors."
optional = false
python-versions = ">=3.6"
groups = ["dev"]
files = [
    {file = "jedi-0.19.2-py2.py3-none-any.whl", hash = "sha256:a8ef22bde8490f57fe5c7681a3c83cb58874daf72b4784de3cce5b6ef6edb5b9"},
    {file = "jedi-0.19.2.tar.gz", hash = "sha256:4770dc3de41bde3966b02eb84fbcf557fb33cce26ad23da12c742fb50ecb11f0"},
]

[package.dependencies]
parso = ">=0.8.4,<0.9.0"

[package.extras]
docs = ["Jinja2 (==2.11.3)", "MarkupSafe (==1.1.1)", "Pygments (==2.8.1)", "alabaster (==0.7.12)", "babel (==2.9.1)", "chardet (==4.0.0)", "commonmark (==0.8.1)", "docutils (==0.17.1)", "future (==0.18.2)", "idna (==2.10)", "imagesize (==1.2.0)", "mock (==1.0.1)", "packaging (==20.9)", "pyparsing (==2.4.7)", "pytz (==2021.1)", "readthedocs-sphinx-ext (==2.1.4)", "recommonmark (==0.5.0)", "requests (==2.25.1)", "six (==1.15.0)", "snowballstemmer (==2.1.0)", "sphinx (==1.8.5)", "sphinx-rtd-theme (==0.4.3)", "sphinxcontrib-serializinghtml (==1.1.4)", "sphinxcontrib-websupport (==1.2.4)", "urllib3 (==1.26.4)"]
qa = ["flake8 (==5.0.4)", "mypy (==0.971)", "types-setuptools (==67.2.0.1)"]
testing = ["Django", "attrs", "colorama", "docopt", "pytest (<9.0.0)"]

[[package]]
name = "jinxed"
version = "1.3.0"
description = "Jinxed Terminal Library"
optional = false
python-versions = "*"
groups = ["main"]
markers = "platform_system == \"Windows\""
files = [
    {file = "jinxed-1.3.0-py2.py3-none-any.whl", hash = "sha256:b993189f39dc2d7504d802152671535b06d380b26d78070559551cbf92df4fc5"},
    {file = "jinxed-1.3.0.tar.gz", hash = "sha256:1593124b18a41b7a3da3b078471442e51dbad3d77b4d4f2b0c26ab6f7d660dbf"},
]

[package.dependencies]
ansicon = {version = "*", markers = "platform_system == \"Windows\""}

[[package]]
name = "mypy-extensions"
version = "1.1.0"
description = "Type system extensions for programs checked with the mypy type checker."
optional = false
python-versions = ">=3.8"
groups = ["dev"]
files = [
    {file = "mypy_extensions-1.1.0-py3-none-any.whl", hash = "sha256:1be4cccdb0f2482337c4743e60421de3a356cd97508abadd57d47403e94f5505"},
    {file = "mypy_extensions-1.1.0.tar.gz", hash = "sha256:52e68efc3284861e772bbcd66823fde5ae21fd2fdb51c62a211403730b916558"},
]

[[package]]
name = "packaging"
version = "25.0"
description = "Core utilities for Python packages"
optional = false
python-versions = ">=3.8"
groups = ["dev"]
files = [
    {file = "packaging-25.0-py3-none-any.whl", hash = "sha256:29572ef2b1f17581046b3a2227d5c611fb25ec70ca1ba8554b24b0e69331a484"},
    {file = "packaging-25.0.tar.gz", hash = "sha256:d443872c98d677bf60f6a1f2f8c1cb748e8fe762d2bf9d3148b5599295b0fc4f"},
]

[[package]]
name = "parso"
version = "0.8.5"
description = "A Python Parser"
optional = false
python-versions = ">=3.6"
groups = ["dev"]
files = [
    {file = "parso-0.8.5-py2.py3-none-any.whl", hash = "sha256:646204b5ee239c396d040b90f9e272e9a8017c630092bf59980beb62fd033887"},
    {file = "parso-0.8.5.tar.gz", hash = "sha256:034d7354a9a018bdce352f48b2a8a450f05e9d6ee85db84764e9b6bd96dafe5a"},
]

[package.extras]
qa = ["flake8 (==5.0.4)", "mypy (==0.971)", "types-setuptools (==67.2.0.1)"]
testing = ["docopt", "pytest"]

[[package]]
name = "pathspec"
version = "0.12.1"
description = "Utility library for gitignore style pattern matching of file paths."
optional = false
python-versions = ">=3.8"
groups = ["dev"]
files = [
    {file = "pathspec-0.12.1-py3-none-any.whl", hash = "sha256:a0d503e138a4c123b27490a4f7beda6a01c6f288df0e4a8b79c7eb0dc7b4cc08"},
    {file = "pathspec-0.12.1.tar.gz", hash = "sha256:a482d51503a1ab33b1c67a6c3813a26953dbdc71c31dacaef9a838c4e29f5712"},
]

[[package]]
name = "platformdirs"
version = "4.5.0"
description = "A small Python package for determining appropriate platform-specific dirs, e.g. a `user data dir`."
optional = false
python-versions = ">=3.10"
groups = ["dev"]
files = [
    {file = "platformdirs-4.5.0-py3-none-any.whl", hash = "sha256:e578a81bb873cbb89a41fcc904c7ef523cc18284b7e3b3ccf06aca1403b7ebd3"},
    {file = "platformdirs-4.5.0.tar.gz", hash = "sha256:70ddccdd7c99fc5942e9fc25636a8b34d04c24b335100223152c2803e4063312"},
]

[package.extras]
docs = ["furo (>=2025.9.25)", "proselint (>=0.14)", "sphinx (>=8.2.3)", "sphinx-autodoc-typehints (>=3.2)"]
test = ["appdirs (==1.4.4)", "covdefaults (>=2.3)", "pytest (>=8.4.2)", "pytest-cov (>=7)", "pytest-mock (>=3.15.1)"]
type = ["mypy (>=1.18.2)"]

[[package]]
name = "pluggy"
version = "1.6.0"
description = "plugin and hook calling mechanisms for python"
optional = false
python-versions = ">=3.9"
groups = ["dev"]
files = [
    {file = "pluggy-1.6.0-py3-none-any.whl", hash = "sha256:e920276dd6813095e9377c0bc5566d94c932c33b27a3e3945d8389c374dd4746"},
    {file = "pluggy-1.6.0.tar.gz", hash = "sha256:7dcc130b76258d33b90f61b658791dede3486c3e6bfb003ee5c9bfb396dd22f3"},
]

[package.extras]
dev = ["pre-commit", "tox"]
testing = ["coverage", "pytest", "pytest-benchmark"]

[[package]]
name = "python-lsp-jsonrpc"
version = "1.1.2"
description = "JSON RPC 2.0 server library"
optional = false
python-versions = ">=3.8"
groups = ["dev"]
files = [
    {file = "python-lsp-jsonrpc-1.1.2.tar.gz", hash = "sha256:4688e453eef55cd952bff762c705cedefa12055c0aec17a06f595bcc002cc912"},
    {file = "python_lsp_jsonrpc-1.1.2-py3-none-any.whl", hash = "sha256:7339c2e9630ae98903fdaea1ace8c47fba0484983794d6aafd0bd8989be2b03c"},
]

[package.dependencies]
ujson = ">=3.0.0"

[package.extras]
test = ["coverage", "pycodestyle", "pyflakes", "pylint", "pytest", "pytest-cov"]

[[package]]
name = "python-lsp-server"
version = "1.13.1"
description = "Python Language Server for the Language Server Protocol"
optional = false
python-versions = ">=3.9"
groups = ["dev"]
files = [
    {file = "python_lsp_server-1.13.1-py3-none-any.whl", hash = "sha256:fadf45275d12a9d9a13e36717a8383cee8e7cffe8a30698d38bfb3fe71b5cdcd"},
    {file = "python_lsp_server-1.13.1.tar.gz", hash = "sha256:bfa3d6bbca3fc3e6d0137b27cd1eabee65783a8d4314c36e1e230c603419afa3"},
]

[package.dependencies]
black = "*"
docstring-to-markdown = "*"
jedi = ">=0.17.2,<0.20.0"
pluggy = ">=1.0.0"
python-lsp-jsonrpc = ">=1.1.0,<2.0.0"
ujson = ">=3.0.0"

[package.extras]
all = ["autopep8 (>=2.0.4,<2.1.0)", "flake8 (>=7.1,<8)", "mccabe (>=0.7.0,<0.8.0)", "pycodestyle (>=2.12.0,<2.13.0)", "pydocstyle (>=6.3.0,<6.4.0)", "pyflakes (>=3.2.0,<3.3.0)", "pylint (>=3.1,<4)", "rope (>=1.11.0)", "whatthepatch (>=1.0.2,<2.0.0)", "yapf (>=0.33.0)"]
autopep8 = ["autopep8 (>=2.0.4,<2.1.0)"]
flake8 = ["flake8 (>=7.1,<8)"]
mccabe = ["mccabe (>=0.7.0,<0.8.0)"]
pycodestyle = ["pycodestyle (>=2.12.0,<2.13.0)"]
pydocstyle = ["pydocstyle (>=6.3.0,<6.4.0)"]
pyflakes = ["pyflakes (>=3.2.0,<3.3.0)"]
pylint = ["pylint (>=3.1,<4)"]
rope = ["rope (>=1.11.0)"]
test = ["coverage", "flaky", "matplotlib", "numpy", "pandas", "pylint (>=3.1,<4)", "pyqt6", "pytest", "pytest-cov", "websockets (>=10.3)"]
websockets = ["websockets (>=10.3)"]
yapf = ["whatthepatch (>=1.0.2,<2.0.0)", "yapf (>=0.33.0)"]

[[package]]
name = "pytokens"
version = "0.1.10"
description = "A Fast, spec compliant Python 3.12+ tokenizer that runs on older Pythons."
optional = false
python-versions = ">=3.8"
groups = ["dev"]
files = [
    {file = "pytokens-0.1.10-py3-none-any.whl", hash = "sha256:db7b72284e480e69fb085d9f251f66b3d2df8b7166059261258ff35f50fb711b"},
    {file = "pytokens-0.1.10.tar.gz", hash = "sha256:c9a4bfa0be1d26aebce03e6884ba454e842f186a59ea43a6d3b25af58223c044"},
]

[package.extras]
dev = ["black", "build", "mypy", "pytest", "pytest-cov", "setuptools", "tox", "twine", "wheel"]

[[package]]
name = "typing-extensions"
version = "4.15.0"
description = "Backported and Experimental Type Hints for Python 3.9+"
optional = false
python-versions = ">=3.9"
groups = ["dev"]
files = [
    {file = "typing_extensions-4.15.0-py3-none-any.whl", hash = "sha256:f0fa19c6845758ab08074a0cfa8b7aecb71c999ca73d62883bc25cc018c4e548"},
    {file = "typing_extensions-4.15.0.tar.gz", hash = "sha256:0cea48d173cc12fa28ecabc3b837ea3cf6f38c6d1136f85cbaaf598984861466"},
]

[[package]]
name = "ujson"
version = "5.11.0"
description = "Ultra fast JSON encoder and decoder for Python"
optional = false
python-versions = ">=3.9"
groups = ["dev"]
files = [
    {file = "ujson-5.11.0-cp310-cp310-macosx_10_9_x86_64.whl", hash = "sha256:446e8c11c06048611c9d29ef1237065de0af07cabdd97e6b5b527b957692ec25"},
    {file = "ujson-5.11.0-cp310-cp310-macosx_11_0_arm64.whl", hash = "sha256:16ccb973b7ada0455201808ff11d48fe9c3f034a6ab5bd93b944443c88299f89"},
    {file = "ujson-5.11.0-cp310-cp310-manylinux_2_24_aarch64.manylinux_2_28_aarch64.whl", hash = "sha256:3134b783ab314d2298d58cda7e47e7a0f7f71fc6ade6ac86d5dbeaf4b9770fa6"},
    {file = "ujson-5.11.0-cp310-cp310-manylinux_2_24_i686.manylinux_2_28_i686.whl", hash = "sha256:185f93ebccffebc8baf8302c869fac70dd5dd78694f3b875d03a31b03b062cdb"},
    {file = "ujson-5.11.0-cp310-cp310-manylinux_2_24_x86_64.manylinux_2_28_x86_64.whl", hash = "sha256:d06e87eded62ff0e5f5178c916337d2262fdbc03b31688142a3433eabb6511db"},
    {file = "ujson-5.11.0-cp310-cp310-musllinux_1_2_aarch64.whl", hash = "sha256:181fb5b15703a8b9370b25345d2a1fd1359f0f18776b3643d24e13ed9c036d4c"},
    {file = "ujson-5.11.0-cp310-cp310-musllinux_1_2_i686.whl", hash = "sha256:a4df61a6df0a4a8eb5b9b1ffd673429811f50b235539dac586bb7e9e91994138"},
    {file = "ujson-5.11.0-cp310-cp310-musllinux_1_2_x86_64.whl", hash = "sha256:6eff24e1abd79e0ec6d7eae651dd675ddbc41f9e43e29ef81e16b421da896915"},
    {file = "ujson-5.11.0-cp310-cp310-win32.whl", hash = "sha256:30f607c70091483550fbd669a0b37471e5165b317d6c16e75dba2aa967608723"},
    {file = "ujson-5.11.0-cp310-cp310-win_amd64.whl", hash = "sha256:3d2720e9785f84312b8e2cb0c2b87f1a0b1c53aaab3b2af3ab817d54409012e0"},
    {file = "ujson-5.11.0-cp310-cp310-win_arm64.whl", hash = "sha256:85e6796631165f719084a9af00c79195d3ebf108151452fefdcb1c8bb50f0105"},
    {file = "ujson-5.11.0-cp311-cp311-macosx_10_9_x86_64.whl", hash = "sha256:d7c46cb0fe5e7056b9acb748a4c35aa1b428025853032540bb7e41f46767321f"},
    {file = "ujson-5.11.0-cp311-cp311-macosx_11_0_arm64.whl", hash = "sha256:d8951bb7a505ab2a700e26f691bdfacf395bc7e3111e3416d325b513eea03a58"},
    {file = "ujson-5.11.0-cp311-cp311-manylinux_2_24_aarch64.manylinux_2_28_aarch64.whl", hash = "sha256:952c0be400229940248c0f5356514123d428cba1946af6fa2bbd7503395fef26"},
    {file = "ujson-5.11.0-cp311-cp311-manylinux_2_24_i686.manylinux_2_28_i686.whl", hash = "sha256:94fcae844f1e302f6f8095c5d1c45a2f0bfb928cccf9f1b99e3ace634b980a2a"},
    {file = "ujson-5.11.0-cp311-cp311-manylinux_2_24_x86_64.manylinux_2_28_x86_64.whl", hash = "sha256:7e0ec1646db172beb8d3df4c32a9d78015e671d2000af548252769e33079d9a6"},
    {file = "ujson-5.11.0-cp311-cp311-musllinux_1_2_aarch64.whl", hash = "sha256:da473b23e3a54448b008d33f742bcd6d5fb2a897e42d1fc6e7bf306ea5d18b1b"},
    {file = "ujson-5.11.0-cp311-cp311-musllinux_1_2_i686.whl", hash = "sha256:aa6b3d4f1c0d3f82930f4cbd7fe46d905a4a9205a7c13279789c1263faf06dba"},
    {file = "ujson-5.11.0-cp311-cp311-musllinux_1_2_x86_64.whl", hash = "sha256:4843f3ab4fe1cc596bb7e02228ef4c25d35b4bb0809d6a260852a4bfcab37ba3"},
    {file = "ujson-5.11.0-cp311-cp311-win32.whl", hash = "sha256:e979fbc469a7f77f04ec2f4e853ba00c441bf2b06720aa259f0f720561335e34"},
    {file = "ujson-5.11.0-cp311-cp311-win_amd64.whl", hash = "sha256:683f57f0dd3acdd7d9aff1de0528d603aafcb0e6d126e3dc7ce8b020a28f5d01"},
    {file = "ujson-5.11.0-cp311-cp311-win_arm64.whl", hash = "sha256:7855ccea3f8dad5e66d8445d754fc1cf80265a4272b5f8059ebc7ec29b8d0835"},
    {file = "ujson-5.11.0-cp312-cp312-macosx_10_13_x86_64.whl", hash = "sha256:7895f0d2d53bd6aea11743bd56e3cb82d729980636cd0ed9b89418bf66591702"},
    {file = "ujson-5.11.0-cp312-cp312-macosx_11_0_arm64.whl", hash = "sha256:12b5e7e22a1fe01058000d1b317d3b65cc3daf61bd2ea7a2b76721fe160fa74d"},
    {file = "ujson-5.11.0-cp312-cp312-manylinux_2_24_aarch64.manylinux_2_28_aarch64.whl", hash = "sha256:0180a480a7d099082501cad1fe85252e4d4bf926b40960fb3d9e87a3a6fbbc80"},
    {file = "ujson-5.11.0-cp312-cp312-manylinux_2_24_i686.manylinux_2_28_i686.whl", hash = "sha256:fa79fdb47701942c2132a9dd2297a1a85941d966d8c87bfd9e29b0cf423f26cc"},
    {file = "ujson-5.11.0-cp312-cp312-manylinux_2_24_x86_64.manylinux_2_28_x86_64.whl", hash = "sha256:8254e858437c00f17cb72e7a644fc42dad0ebb21ea981b71df6e84b1072aaa7c"},
    {file = "ujson-5.11.0-cp312-cp312-musllinux_1_2_aarch64.whl", hash = "sha256:1aa8a2ab482f09f6c10fba37112af5f957689a79ea598399c85009f2f29898b5"},
    {file = "ujson-5.11.0-cp312-cp312-musllinux_1_2_i686.whl", hash = "sha256:a638425d3c6eed0318df663df44480f4a40dc87cc7c6da44d221418312f6413b"},
    {file = "ujson-5.11.0-cp312-cp312-musllinux_1_2_x86_64.whl", hash = "sha256:7e3cff632c1d78023b15f7e3a81c3745cd3f94c044d1e8fa8efbd6b161997bbc"},
    {file = "ujson-5.11.0-cp312-cp312-win32.whl", hash = "sha256:be6b0eaf92cae8cdee4d4c9e074bde43ef1c590ed5ba037ea26c9632fb479c88"},
    {file = "ujson-5.11.0-cp312-cp312-win_amd64.whl", hash = "sha256:b7b136cc6abc7619124fd897ef75f8e63105298b5ca9bdf43ebd0e1fa0ee105f"},
    {file = "ujson-5.11.0-cp312-cp312-win_arm64.whl", hash = "sha256:6cd2df62f24c506a0ba322d5e4fe4466d47a9467b57e881ee15a31f7ecf68ff6"},
    {file = "ujson-5.11.0-cp313-cp313-macosx_10_13_x86_64.whl", hash = "sha256:109f59885041b14ee9569bf0bb3f98579c3fa0652317b355669939e5fc5ede53"},
    {file = "ujson-5.11.0-cp313-cp313-macosx_11_0_arm64.whl", hash = "sha256:a31c6b8004438e8c20fc55ac1c0e07dad42941db24176fe9acf2815971f8e752"},
    {file = "ujson-5.11.0-cp313-cp313-manylinux_2_24_aarch64.manylinux_2_28_aarch64.whl", hash = "sha256:78c684fb21255b9b90320ba7e199780f653e03f6c2528663768965f4126a5b50"},
    {file = "ujson-5.11.0-cp313-cp313-manylinux_2_24_i686.manylinux_2_28_i686.whl", hash = "sha256:4c9f5d6a27d035dd90a146f7761c2272cf7103de5127c9ab9c4cd39ea61e878a"},
    {file = "ujson-5.11.0-cp313-cp313-manylinux_2_24_x86_64.manylinux_2_28_x86_64.whl", hash = "sha256:837da4d27fed5fdc1b630bd18f519744b23a0b5ada1bbde1a36ba463f2900c03"},
    {file = "ujson-5.11.0-cp313-cp313-musllinux_1_2_aarch64.whl", hash = "sha256:787aff4a84da301b7f3bac09bc696e2e5670df829c6f8ecf39916b4e7e24e701"},
    {file = "ujson-5.11.0-cp313-cp313-musllinux_1_2_i686.whl", hash = "sha256:6dd703c3e86dc6f7044c5ac0b3ae079ed96bf297974598116aa5fb7f655c3a60"},
    {file = "ujson-5.11.0-cp313-cp313-musllinux_1_2_x86_64.whl", hash = "sha256:3772e4fe6b0c1e025ba3c50841a0ca4786825a4894c8411bf8d3afe3a8061328"},
    {file = "ujson-5.11.0-cp313-cp313-win32.whl", hash = "sha256:8fa2af7c1459204b7a42e98263b069bd535ea0cd978b4d6982f35af5a04a4241"},
    {file = "ujson-5.11.0-cp313-cp313-win_amd64.whl", hash = "sha256:34032aeca4510a7c7102bd5933f59a37f63891f30a0706fb46487ab6f0edf8f0"},
    {file = "ujson-5.11.0-cp313-cp313-win_arm64.whl", hash = "sha256:ce076f2df2e1aa62b685086fbad67f2b1d3048369664b4cdccc50707325401f9"},
    {file = "ujson-5.11.0-cp314-cp314-macosx_10_13_x86_64.whl", hash = "sha256:65724738c73645db88f70ba1f2e6fb678f913281804d5da2fd02c8c5839af302"},
    {file = "ujson-5.11.0-cp314-cp314-macosx_11_0_arm64.whl", hash = "sha256:29113c003ca33ab71b1b480bde952fbab2a0b6b03a4ee4c3d71687cdcbd1a29d"},
    {file = "ujson-5.11.0-cp314-cp314-manylinux_2_24_aarch64.manylinux_2_28_aarch64.whl", hash = "sha256:c44c703842024d796b4c78542a6fcd5c3cb948b9fc2a73ee65b9c86a22ee3638"},
    {file = "ujson-5.11.0-cp314-cp314-manylinux_2_24_i686.manylinux_2_28_i686.whl", hash = "sha256:e750c436fb90edf85585f5c62a35b35082502383840962c6983403d1bd96a02c"},
    {file = "ujson-5.11.0-cp314-cp314-manylinux_2_24_x86_64.manylinux_2_28_x86_64.whl", hash = "sha256:f278b31a7c52eb0947b2db55a5133fbc46b6f0ef49972cd1a80843b72e135aba"},
    {file = "ujson-5.11.0-cp314-cp314-musllinux_1_2_aarch64.whl", hash = "sha256:ab2cb8351d976e788669c8281465d44d4e94413718af497b4e7342d7b2f78018"},
    {file = "ujson-5.11.0-cp314-cp314-musllinux_1_2_i686.whl", hash = "sha256:090b4d11b380ae25453100b722d0609d5051ffe98f80ec52853ccf8249dfd840"},
    {file = "ujson-5.11.0-cp314-cp314-musllinux_1_2_x86_64.whl", hash = "sha256:80017e870d882d5517d28995b62e4e518a894f932f1e242cbc802a2fd64d365c"},
    {file = "ujson-5.11.0-cp314-cp314-win32.whl", hash = "sha256:1d663b96eb34c93392e9caae19c099ec4133ba21654b081956613327f0e973ac"},
    {file = "ujson-5.11.0-cp314-cp314-win_amd64.whl", hash = "sha256:849e65b696f0d242833f1df4182096cedc50d414215d1371fca85c541fbff629"},
    {file = "ujson-5.11.0-cp314-cp314-win_arm64.whl", hash = "sha256:e73df8648c9470af2b6a6bf5250d4744ad2cf3d774dcf8c6e31f018bdd04d764"},
    {file = "ujson-5.11.0-cp314-cp314t-macosx_10_13_x86_64.whl", hash = "sha256:de6e88f62796372fba1de973c11138f197d3e0e1d80bcb2b8aae1e826096d433"},
    {file = "ujson-5.11.0-cp314-cp314t-macosx_11_0_arm64.whl", hash = "sha256:49e56ef8066f11b80d620985ae36869a3ff7e4b74c3b6129182ec5d1df0255f3"},
    {file = "ujson-5.11.0-cp314-cp314t-manylinux_2_24_aarch64.manylinux_2_28_aarch64.whl", hash = "sha256:1a325fd2c3a056cf6c8e023f74a0c478dd282a93141356ae7f16d5309f5ff823"},
    {file = "ujson-5.11.0-cp314-cp314t-manylinux_2_24_i686.manylinux_2_28_i686.whl", hash = "sha256:a0af6574fc1d9d53f4ff371f58c96673e6d988ed2b5bf666a6143c782fa007e9"},
    {file = "ujson-5.11.0-cp314-cp314t-manylinux_2_24_x86_64.manylinux_2_28_x86_64.whl", hash = "sha256:10f29e71ecf4ecd93a6610bd8efa8e7b6467454a363c3d6416db65de883eb076"},
    {file = "ujson-5.11.0-cp314-cp314t-musllinux_1_2_aarch64.whl", hash = "sha256:1a0a9b76a89827a592656fe12e000cf4f12da9692f51a841a4a07aa4c7ecc41c"},
    {file = "ujson-5.11.0-cp314-cp314t-musllinux_1_2_i686.whl", hash = "sha256:b16930f6a0753cdc7d637b33b4e8f10d5e351e1fb83872ba6375f1e87be39746"},
    {file = "ujson-5.11.0-cp314-cp314t-musllinux_1_2_x86_64.whl", hash = "sha256:04c41afc195fd477a59db3a84d5b83a871bd648ef371cf8c6f43072d89144eef"},
    {file = "ujson-5.11.0-cp314-cp314t-win32.whl", hash = "sha256:aa6d7a5e09217ff93234e050e3e380da62b084e26b9f2e277d2606406a2fc2e5"},
    {file = "ujson-5.11.0-cp314-cp314t-win_amd64.whl", hash = "sha256:48055e1061c1bb1f79e75b4ac39e821f3f35a9b82de17fce92c3140149009bec"},
    {file = "ujson-5.11.0-cp314-cp314t-win_arm64.whl", hash = "sha256:1194b943e951092db611011cb8dbdb6cf94a3b816ed07906e14d3bc6ce0e90ab"},
    {file = "ujson-5.11.0-cp39-cp39-macosx_10_9_x86_64.whl", hash = "sha256:65f3c279f4ed4bf9131b11972040200c66ae040368abdbb21596bf1564899694"},
    {file = "ujson-5.11.0-cp39-cp39-macosx_11_0_arm64.whl", hash = "sha256:99c49400572cd77050894e16864a335225191fd72a818ea6423ae1a06467beac"},
    {file = "ujson-5.11.0-cp39-cp39-manylinux_2_24_aarch64.manylinux_2_28_aarch64.whl", hash = "sha256:0654a2691fc252c3c525e3d034bb27b8a7546c9d3eb33cd29ce6c9feda361a6a"},
    {file = "ujson-5.11.0-cp39-cp39-manylinux_2_24_i686.manylinux_2_28_i686.whl", hash = "sha256:6b6ec7e7321d7fc19abdda3ad809baef935f49673951a8bab486aea975007e02"},
    {file = "ujson-5.11.0-cp39-cp39-manylinux_2_24_x86_64.manylinux_2_28_x86_64.whl", hash = "sha256:f62b9976fabbcde3ab6e413f4ec2ff017749819a0786d84d7510171109f2d53c"},
    {file = "ujson-5.11.0-cp39-cp39-musllinux_1_2_aarch64.whl", hash = "sha256:7f1a27ab91083b4770e160d17f61b407f587548f2c2b5fbf19f94794c495594a"},
    {file = "ujson-5.11.0-cp39-cp39-musllinux_1_2_i686.whl", hash = "sha256:ecd6ff8a3b5a90c292c2396c2d63c687fd0ecdf17de390d852524393cd9ed052"},
    {file = "ujson-5.11.0-cp39-cp39-musllinux_1_2_x86_64.whl", hash = "sha256:9aacbeb23fdbc4b256a7d12e0beb9063a1ba5d9e0dbb2cfe16357c98b4334596"},
    {file = "ujson-5.11.0-cp39-cp39-win32.whl", hash = "sha256:674f306e3e6089f92b126eb2fe41bcb65e42a15432c143365c729fdb50518547"},
    {file = "ujson-5.11.0-cp39-cp39-win_amd64.whl", hash = "sha256:c6618f480f7c9ded05e78a1938873fde68baf96cdd74e6d23c7e0a8441175c4b"},
    {file = "ujson-5.11.0-cp39-cp39-win_arm64.whl", hash = "sha256:5600202a731af24a25e2d7b6eb3f648e4ecd4bb67c4d5cf12f8fab31677469c9"},
    {file = "ujson-5.11.0-pp311-pypy311_pp73-macosx_10_15_x86_64.whl", hash = "sha256:abae0fb58cc820092a0e9e8ba0051ac4583958495bfa5262a12f628249e3b362"},
    {file = "ujson-5.11.0-pp311-pypy311_pp73-macosx_11_0_arm64.whl", hash = "sha256:fac6c0649d6b7c3682a0a6e18d3de6857977378dce8d419f57a0b20e3d775b39"},
    {file = "ujson-5.11.0-pp311-pypy311_pp73-manylinux_2_24_aarch64.manylinux_2_28_aarch64.whl", hash = "sha256:4b42c115c7c6012506e8168315150d1e3f76e7ba0f4f95616f4ee599a1372bbc"},
    {file = "ujson-5.11.0-pp311-pypy311_pp73-manylinux_2_24_i686.manylinux_2_28_i686.whl", hash = "sha256:86baf341d90b566d61a394869ce77188cc8668f76d7bb2c311d77a00f4bdf844"},
    {file = "ujson-5.11.0-pp311-pypy311_pp73-manylinux_2_24_x86_64.manylinux_2_28_x86_64.whl", hash = "sha256:4598bf3965fc1a936bd84034312bcbe00ba87880ef1ee33e33c1e88f2c398b49"},
    {file = "ujson-5.11.0-pp311-pypy311_pp73-win_amd64.whl", hash = "sha256:416389ec19ef5f2013592f791486bef712ebce0cd59299bf9df1ba40bb2f6e04"},
    {file = "ujson-5.11.0.tar.gz", hash = "sha256:e204ae6f909f099ba6b6b942131cee359ddda2b6e4ea39c12eb8b991fe2010e0"},
]

[[package]]
name = "wcwidth"
version = "0.2.14"
description = "Measures the displayed width of unicode strings in a terminal"
optional = false
python-versions = ">=3.6"
groups = ["main"]
files = [
    {file = "wcwidth-0.2.14-py2.py3-none-any.whl", hash = "sha256:a7bb560c8aee30f9957e5f9895805edd20602f2d7f720186dfd906e82b4982e1"},
    {file = "wcwidth-0.2.14.tar.gz", hash = "sha256:4d478375d31bc5395a3c55c40ccdf3354688364cd61c4f6adacaa9215d0b3605"},
]

[[package]]
name = "zipp"
version = "3.23.0"
description = "Backport of pathlib-compatible object wrapper for zip files"
optional = false
python-versions = ">=3.9"
groups = ["dev"]
files = [
    {file = "zipp-3.23.0-py3-none-any.whl", hash = "sha256:071652d6115ed432f5ce1d34c336c0adfd6a884660d1e9712a256d3d3bd4b14e"},
    {file = "zipp-3.23.0.tar.gz", hash = "sha256:a07157588a12518c9d4034df3fbbee09c814741a33ff63c05fa29d26a2404166"},
]

[package.extras]
check = ["pytest-checkdocs (>=2.4)", "pytest-ruff (>=0.2.1) ; sys_platform != \"cygwin\""]
cover = ["pytest-cov"]
doc = ["furo", "jaraco.packaging (>=9.3)", "jaraco.tidelift (>=1.4)", "rst.linker (>=1.9)", "sphinx (>=3.5)", "sphinx-lint"]
enabler = ["pytest-enabler (>=2.2)"]
test = ["big-O", "jaraco.functools", "jaraco.itertools", "jaraco.test", "more_itertools", "pytest (>=6,!=8.1.*)", "pytest-ignore-flaky"]
type = ["pytest-mypy"]

[metadata]
lock-version = "2.1"
python-versions = ">=3.12"
content-hash = "d65ce28a05dc388d93bead1560364d8bb6750317f46d1ce865d5435bf79947db"
